
Microsoft Visual Studio Solution File, Format Version 12.00
# Visual Studio Version 17
VisualStudioVersion = 17.9.34723.18
MinimumVisualStudioVersion = 10.0.40219.1
Project("{FAE04EC0-301F-11D3-BF4B-00C04F79EFBC}") = "ComputerClub", "ComputerClub\ComputerClub.csproj", "{EAD2DE43-495C-489C-955C-0F7DF606B2C1}"
EndProject
Global
	GlobalSection(SolutionConfigurationPlatforms) = preSolution
		Debug|Any CPU = Debug|Any CPU
		Release|Any CPU = Release|Any CPU
	EndGlobalSection
	GlobalSection(ProjectConfigurationPlatforms) = postSolution
		{EAD2DE43-495C-489C-955C-0F7DF606B2C1}.Debug|Any CPU.ActiveCfg = Debug|Any CPU
		{EAD2DE43-495C-489C-955C-0F7DF606B2C1}.Debug|Any CPU.Build.0 = Debug|Any CPU
		{EAD2DE43-495C-489C-955C-0F7DF606B2C1}.Release|Any CPU.ActiveCfg = Release|Any CPU
		{EAD2DE43-495C-489C-955C-0F7DF606B2C1}.Release|Any CPU.Build.0 = Release|Any CPU
	EndGlobalSection
	GlobalSection(SolutionProperties) = preSolution
		HideSolutionNode = FALSE
	EndGlobalSection
	GlobalSection(ExtensibilityGlobals) = postSolution
		SolutionGuid = {4257E1C8-9D20-4720-8944-5948D1DAFA35}
	EndGlobalSection
EndGlobal
